
Microsoft Visual Studio Solution File, Format Version 12.00
# Visual Studio Version 16
VisualStudioVersion = 16.0.29519.181
MinimumVisualStudioVersion = 10.0.40219.1
Project("{8BC9CEB8-8B4A-11D0-8D11-00A0C91BC942}") = "MathFuncsLib", "MathFuncsLib\MathFuncsLib.vcxproj", "{018CF087-225E-4A34-9AF5-DBE872500B67}"
EndProject
Project("{8BC9CEB8-8B4A-11D0-8D11-00A0C91BC942}") = "MyExecRefsLib", "..\..\嘤嘤嘤2\MyExecRefsLib\MyExecRefsLib.vcxproj", "{8EAB5019-F981-4A57-B2A5-9ECF500AFE28}"
EndProject
Global
	GlobalSection(SolutionConfigurationPlatforms) = preSolution
		Debug|x64 = Debug|x64
		Debug|x86 = Debug|x86
		Release|x64 = Release|x64
		Release|x86 = Release|x86
	EndGlobalSection
	GlobalSection(ProjectConfigurationPlatforms) = postSolution
		{018CF087-225E-4A34-9AF5-DBE872500B67}.Debug|x64.ActiveCfg = Debug|x64
		{018CF087-225E-4A34-9AF5-DBE872500B67}.Debug|x64.Build.0 = Debug|x64
		{018CF087-225E-4A34-9AF5-DBE872500B67}.Debug|x86.ActiveCfg = Debug|Win32
		{018CF087-225E-4A34-9AF5-DBE872500B67}.Debug|x86.Build.0 = Debug|Win32
		{018CF087-225E-4A34-9AF5-DBE872500B67}.Release|x64.ActiveCfg = Release|x64
		{018CF087-225E-4A34-9AF5-DBE872500B67}.Release|x64.Build.0 = Release|x64
		{018CF087-225E-4A34-9AF5-DBE872500B67}.Release|x86.ActiveCfg = Release|Win32
		{018CF087-225E-4A34-9AF5-DBE872500B67}.Release|x86.Build.0 = Release|Win32
		{8EAB5019-F981-4A57-B2A5-9ECF500AFE28}.Debug|x64.ActiveCfg = Debug|x64
		{8EAB5019-F981-4A57-B2A5-9ECF500AFE28}.Debug|x64.Build.0 = Debug|x64
		{8EAB5019-F981-4A57-B2A5-9ECF500AFE28}.Debug|x86.ActiveCfg = Debug|Win32
		{8EAB5019-F981-4A57-B2A5-9ECF500AFE28}.Debug|x86.Build.0 = Debug|Win32
		{8EAB5019-F981-4A57-B2A5-9ECF500AFE28}.Release|x64.ActiveCfg = Release|x64
		{8EAB5019-F981-4A57-B2A5-9ECF500AFE28}.Release|x64.Build.0 = Release|x64
		{8EAB5019-F981-4A57-B2A5-9ECF500AFE28}.Release|x86.ActiveCfg = Release|Win32
		{8EAB5019-F981-4A57-B2A5-9ECF500AFE28}.Release|x86.Build.0 = Release|Win32
	EndGlobalSection
	GlobalSection(SolutionProperties) = preSolution
		HideSolutionNode = FALSE
	EndGlobalSection
	GlobalSection(ExtensibilityGlobals) = postSolution
		SolutionGuid = {0D596075-E4B8-4208-9CB2-768FC6632823}
	EndGlobalSection
EndGlobal
